// !$*UTF8*$!
{
	archiveVersion = 1;
	classes = {
	};
	objectVersion = 56;
	objects = {

/* Begin PBXBuildFile section */
		84BDDFF4297F9608004DCC1A /* AppDelegate.swift in Sources */ = {isa = PBXBuildFile; fileRef = 84BDDFF3297F9608004DCC1A /* AppDelegate.swift */; };
		84BDDFF6297F9608004DCC1A /* SceneDelegate.swift in Sources */ = {isa = PBXBuildFile; fileRef = 84BDDFF5297F9608004DCC1A /* SceneDelegate.swift */; };
		84BDDFF8297F9608004DCC1A /* ViewController.swift in Sources */ = {isa = PBXBuildFile; fileRef = 84BDDFF7297F9608004DCC1A /* ViewController.swift */; };
		84BDDFFB297F9608004DCC1A /* Main.storyboard in Resources */ = {isa = PBXBuildFile; fileRef = 84BDDFF9297F9608004DCC1A /* Main.storyboard */; };
		84BDDFFD297F960A004DCC1A /* Assets.xcassets in Resources */ = {isa = PBXBuildFile; fileRef = 84BDDFFC297F960A004DCC1A /* Assets.xcassets */; };
		84BDE000297F960A004DCC1A /* LaunchScreen.storyboard in Resources */ = {isa = PBXBuildFile; fileRef = 84BDDFFE297F960A004DCC1A /* LaunchScreen.storyboard */; };
		84BDE008297F9622004DCC1A /* VegNonVegModel.swift in Sources */ = {isa = PBXBuildFile; fileRef = 84BDE007297F9622004DCC1A /* VegNonVegModel.swift */; };
		84BDE00A297FA6D1004DCC1A /* myTableViewCell.swift in Sources */ = {isa = PBXBuildFile; fileRef = 84BDE009297FA6D1004DCC1A /* myTableViewCell.swift */; };
		84BDE00C297FA71E004DCC1A /* DetailViewController.swift in Sources */ = {isa = PBXBuildFile; fileRef = 84BDE00B297FA71E004DCC1A /* DetailViewController.swift */; };
/* End PBXBuildFile section */

/* Begin PBXFileReference section */
		84BDDFF0297F9608004DCC1A /* Veg-Nonveg.app */ = {isa = PBXFileReference; explicitFileType = wrapper.application; includeInIndex = 0; path = "Veg-Nonveg.app"; sourceTree = BUILT_PRODUCTS_DIR; };
		84BDDFF3297F9608004DCC1A /* AppDelegate.swift */ = {isa = PBXFileReference; lastKnownFileType = sourcecode.swift; path = AppDelegate.swift; sourceTree = "<group>"; };
		84BDDFF5297F9608004DCC1A /* SceneDelegate.swift */ = {isa = PBXFileReference; lastKnownFileType = sourcecode.swift; path = SceneDelegate.swift; sourceTree = "<group>"; };
		84BDDFF7297F9608004DCC1A /* ViewController.swift */ = {isa = PBXFileReference; lastKnownFileType = sourcecode.swift; path = ViewController.swift; sourceTree = "<group>"; };
		84BDDFFA297F9608004DCC1A /* Base */ = {isa = PBXFileReference; lastKnownFileType = file.storyboard; name = Base; path = Base.lproj/Main.storyboard; sourceTree = "<group>"; };
		84BDDFFC297F960A004DCC1A /* Assets.xcassets */ = {isa = PBXFileReference; lastKnownFileType = folder.assetcatalog; path = Assets.xcassets; sourceTree = "<group>"; };
		84BDDFFF297F960A004DCC1A /* Base */ = {isa = PBXFileReference; lastKnownFileType = file.storyboard; name = Base; path = Base.lproj/LaunchScreen.storyboard; sourceTree = "<group>"; };
		84BDE001297F960A004DCC1A /* Info.plist */ = {isa = PBXFileReference; lastKnownFileType = text.plist.xml; path = Info.plist; sourceTree = "<group>"; };
		84BDE007297F9622004DCC1A /* VegNonVegModel.swift */ = {isa = PBXFileReference; lastKnownFileType = sourcecode.swift; path = VegNonVegModel.swift; sourceTree = "<group>"; };
		84BDE009297FA6D1004DCC1A /* myTableViewCell.swift */ = {isa = PBXFileReference; lastKnownFileType = sourcecode.swift; path = myTableViewCell.swift; sourceTree = "<group>"; };
		84BDE00B297FA71E004DCC1A /* DetailViewController.swift */ = {isa = PBXFileReference; lastKnownFileType = sourcecode.swift; path = DetailViewController.swift; sourceTree = "<group>"; };
/* End PBXFileReference section */

/* Begin PBXFrameworksBuildPhase section */
		84BDDFED297F9608004DCC1A /* Frameworks */ = {
			isa = PBXFrameworksBuildPhase;
			buildActionMask = 2147483647;
			files = (
			);
			runOnlyForDeploymentPostprocessing = 0;
		};
/* End PBXFrameworksBuildPhase section */

/* Begin PBXGroup section */
		84BDDFE7297F9608004DCC1A = {
			isa = PBXGroup;
			children = (
				84BDDFF2297F9608004DCC1A /* Veg-Nonveg */,
				84BDDFF1297F9608004DCC1A /* Products */,
			);
			sourceTree = "<group>";
		};
		84BDDFF1297F9608004DCC1A /* Products */ = {
			isa = PBXGroup;
			children = (
				84BDDFF0297F9608004DCC1A /* Veg-Nonveg.app */,
			);
			name = Products;
			sourceTree = "<group>";
		};
		84BDDFF2297F9608004DCC1A /* Veg-Nonveg */ = {
			isa = PBXGroup;
			children = (
				84BDDFF3297F9608004DCC1A /* AppDelegate.swift */,
				84BDDFF5297F9608004DCC1A /* SceneDelegate.swift */,
				84BDDFF7297F9608004DCC1A /* ViewController.swift */,
				84BDE007297F9622004DCC1A /* VegNonVegModel.swift */,
				84BDDFF9297F9608004DCC1A /* Main.storyboard */,
				84BDE009297FA6D1004DCC1A /* myTableViewCell.swift */,
				84BDE00B297FA71E004DCC1A /* DetailViewController.swift */,
				84BDDFFC297F960A004DCC1A /* Assets.xcassets */,
				84BDDFFE297F960A004DCC1A /* LaunchScreen.storyboard */,
				84BDE001297F960A004DCC1A /* Info.plist */,
			);
			path = "Veg-Nonveg";
			sourceTree = "<group>";
		};
/* End PBXGroup section */

/* Begin PBXNativeTarget section */
		84BDDFEF297F9608004DCC1A /* Veg-Nonveg */ = {
			isa = PBXNativeTarget;
			buildConfigurationList = 84BDE004297F960A004DCC1A /* Build configuration list for PBXNativeTarget "Veg-Nonveg" */;
			buildPhases = (
				84BDDFEC297F9608004DCC1A /* Sources */,
				84BDDFED297F9608004DCC1A /* Frameworks */,
				84BDDFEE297F9608004DCC1A /* Resources */,
			);
			buildRules = (
			);
			dependencies = (
			);
			name = "Veg-Nonveg";
			productName = "Veg-Nonveg";
			productReference = 84BDDFF0297F9608004DCC1A /* Veg-Nonveg.app */;
			productType = "com.apple.product-type.application";
		};
/* End PBXNativeTarget section */

/* Begin PBXProject section */
		84BDDFE8297F9608004DCC1A /* Project object */ = {
			isa = PBXProject;
			attributes = {
				BuildIndependentTargetsInParallel = 1;
				LastSwiftUpdateCheck = 1410;
				LastUpgradeCheck = 1410;
				TargetAttributes = {
					84BDDFEF297F9608004DCC1A = {
						CreatedOnToolsVersion = 14.1;
					};
				};
			};
			buildConfigurationList = 84BDDFEB297F9608004DCC1A /* Build configuration list for PBXProject "Veg-Nonveg" */;
			compatibilityVersion = "Xcode 14.0";
			developmentRegion = en;
			hasScannedForEncodings = 0;
			knownRegions = (
				en,
				Base,
			);
			mainGroup = 84BDDFE7297F9608004DCC1A;
			productRefGroup = 84BDDFF1297F9608004DCC1A /* Products */;
			projectDirPath = "";
			projectRoot = "";
			targets = (
				84BDDFEF297F9608004DCC1A /* Veg-Nonveg */,
			);
		};
/* End PBXProject section */

/* Begin PBXResourcesBuildPhase section */
		84BDDFEE297F9608004DCC1A /* Resources */ = {
			isa = PBXResourcesBuildPhase;
			buildActionMask = 2147483647;
			files = (
				84BDE000297F960A004DCC1A /* LaunchScreen.storyboard in Resources */,
				84BDDFFD297F960A004DCC1A /* Assets.xcassets in Resources */,
				84BDDFFB297F9608004DCC1A /* Main.storyboard in Resources */,
			);
			runOnlyForDeploymentPostprocessing = 0;
		};
/* End PBXResourcesBuildPhase section */

/* Begin PBXSourcesBuildPhase section */
		84BDDFEC297F9608004DCC1A /* Sources */ = {
			isa = PBXSourcesBuildPhase;
			buildActionMask = 2147483647;
			files = (
				84BDDFF8297F9608004DCC1A /* ViewController.swift in Sources */,
				84BDE00A297FA6D1004DCC1A /* myTableViewCell.swift in Sources */,
				84BDDFF4297F9608004DCC1A /* AppDelegate.swift in Sources */,
				84BDE00C297FA71E004DCC1A /* DetailViewController.swift in Sources */,
				84BDDFF6297F9608004DCC1A /* SceneDelegate.swift in Sources */,
				84BDE008297F9622004DCC1A /* VegNonVegModel.swift in Sources */,
			);
			runOnlyForDeploymentPostprocessing = 0;
		};
/* End PBXSourcesBuildPhase section */

/* Begin PBXVariantGroup section */
		84BDDFF9297F9608004DCC1A /* Main.storyboard */ = {
			isa = PBXVariantGroup;
			children = (
				84BDDFFA297F9608004DCC1A /* Base */,
			);
			name = Main.storyboard;
			sourceTree = "<group>";
		};
		84BDDFFE297F960A004DCC1A /* LaunchScreen.storyboard */ = {
			isa = PBXVariantGroup;
			children = (
				84BDDFFF297F960A004DCC1A /* Base */,
			);
			name = LaunchScreen.storyboard;
			sourceTree = "<group>";
		};
/* End PBXVariantGroup section */

/* Begin XCBuildConfiguration section */
		84BDE002297F960A004DCC1A /* Debug */ = {
			isa = XCBuildConfiguration;
			buildSettings = {
				ALWAYS_SEARCH_USER_PATHS = NO;
				CLANG_ANALYZER_NONNULL = YES;
				CLANG_ANALYZER_NUMBER_OBJECT_CONVERSION = YES_AGGRESSIVE;
				CLANG_CXX_LANGUAGE_STANDARD = "gnu++20";
				CLANG_ENABLE_MODULES = YES;
				CLANG_ENABLE_OBJC_ARC = YES;
				CLANG_ENABLE_OBJC_WEAK = YES;
				CLANG_WARN_BLOCK_CAPTURE_AUTORELEASING = YES;
				CLANG_WARN_BOOL_CONVERSION = YES;
				CLANG_WARN_COMMA = YES;
				CLANG_WARN_CONSTANT_CONVERSION = YES;
				CLANG_WARN_DEPRECATED_OBJC_IMPLEMENTATIONS = YES;
				CLANG_WARN_DIRECT_OBJC_ISA_USAGE = YES_ERROR;
				CLANG_WARN_DOCUMENTATION_COMMENTS = YES;
				CLANG_WARN_EMPTY_BODY = YES;
				CLANG_WARN_ENUM_CONVERSION = YES;
				CLANG_WARN_INFINITE_RECURSION = YES;
				CLANG_WARN_INT_CONVERSION = YES;
				CLANG_WARN_NON_LITERAL_NULL_CONVERSION = YES;
				CLANG_WARN_OBJC_IMPLICIT_RETAIN_SELF = YES;
				CLANG_WARN_OBJC_LITERAL_CONVERSION = YES;
				CLANG_WARN_OBJC_ROOT_CLASS = YES_ERROR;
				CLANG_WARN_QUOTED_INCLUDE_IN_FRAMEWORK_HEADER = YES;
				CLANG_WARN_RANGE_LOOP_ANALYSIS = YES;
				CLANG_WARN_STRICT_PROTOTYPES = YES;
				CLANG_WARN_SUSPICIOUS_MOVE = YES;
				CLANG_WARN_UNGUARDED_AVAILABILITY = YES_AGGRESSIVE;
				CLANG_WARN_UNREACHABLE_CODE = YES;
				CLANG_WARN__DUPLICATE_METHOD_MATCH = YES;
				COPY_PHASE_STRIP = NO;
				DEBUG_INFORMATION_FORMAT = dwarf;
				ENABLE_STRICT_OBJC_MSGSEND = YES;
				ENABLE_TESTABILITY = YES;
				GCC_C_LANGUAGE_STANDARD = gnu11;
				GCC_DYNAMIC_NO_PIC = NO;
				GCC_NO_COMMON_BLOCKS = YES;
				GCC_OPTIMIZATION_LEVEL = 0;
				GCC_PREPROCESSOR_DEFINITIONS = (
					"DEBUG=1",
					"$(inherited)",
				);
				GCC_WARN_64_TO_32_BIT_CONVERSION = YES;
				GCC_WARN_ABOUT_RETURN_TYPE = YES_ERROR;
				GCC_WARN_UNDECLARED_SELECTOR = YES;
				GCC_WARN_UNINITIALIZED_AUTOS = YES_AGGRESSIVE;
				GCC_WARN_UNUSED_FUNCTION = YES;
				GCC_WARN_UNUSED_VARIABLE = YES;
				IPHONEOS_DEPLOYMENT_TARGET = 16.1;
				MTL_ENABLE_DEBUG_INFO = INCLUDE_SOURCE;
				MTL_FAST_MATH = YES;
				ONLY_ACTIVE_ARCH = YES;
				SDKROOT = iphoneos;
				SWIFT_ACTIVE_COMPILATION_CONDITIONS = DEBUG;
				SWIFT_OPTIMIZATION_LEVEL = "-Onone";
			};
			name = Debug;
		};
		84BDE003297F960A004DCC1A /* Release */ = {
			isa = XCBuildConfiguration;
			buildSettings = {
				ALWAYS_SEARCH_USER_PATHS = NO;
				CLANG_ANALYZER_NONNULL = YES;
				CLANG_ANALYZER_NUMBER_OBJECT_CONVERSION = YES_AGGRESSIVE;
				CLANG_CXX_LANGUAGE_STANDARD = "gnu++20";
				CLANG_ENABLE_MODULES = YES;
				CLANG_ENABLE_OBJC_ARC = YES;
				CLANG_ENABLE_OBJC_WEAK = YES;
				CLANG_WARN_BLOCK_CAPTURE_AUTORELEASING = YES;
				CLANG_WARN_BOOL_CONVERSION = YES;
				CLANG_WARN_COMMA = YES;
				CLANG_WARN_CONSTANT_CONVERSION = YES;
				CLANG_WARN_DEPRECATED_OBJC_IMPLEMENTATIONS = YES;
				CLANG_WARN_DIRECT_OBJC_ISA_USAGE = YES_ERROR;
				CLANG_WARN_DOCUMENTATION_COMMENTS = YES;
				CLANG_WARN_EMPTY_BODY = YES;
				CLANG_WARN_ENUM_CONVERSION = YES;
				CLANG_WARN_INFINITE_RECURSION = YES;
				CLANG_WARN_INT_CONVERSION = YES;
				CLANG_WARN_NON_LITERAL_NULL_CONVERSION = YES;
				CLANG_WARN_OBJC_IMPLICIT_RETAIN_SELF = YES;
				CLANG_WARN_OBJC_LITERAL_CONVERSION = YES;
				CLANG_WARN_OBJC_ROOT_CLASS = YES_ERROR;
				CLANG_WARN_QUOTED_INCLUDE_IN_FRAMEWORK_HEADER = YES;
				CLANG_WARN_RANGE_LOOP_ANALYSIS = YES;
				CLANG_WARN_STRICT_PROTOTYPES = YES;
				CLANG_WARN_SUSPICIOUS_MOVE = YES;
				CLANG_WARN_UNGUARDED_AVAILABILITY = YES_AGGRESSIVE;
				CLANG_WARN_UNREACHABLE_CODE = YES;
				CLANG_WARN__DUPLICATE_METHOD_MATCH = YES;
				COPY_PHASE_STRIP = NO;
				DEBUG_INFORMATION_FORMAT = "dwarf-with-dsym";
				ENABLE_NS_ASSERTIONS = NO;
				ENABLE_STRICT_OBJC_MSGSEND = YES;
				GCC_C_LANGUAGE_STANDARD = gnu11;
				GCC_NO_COMMON_BLOCKS = YES;
				GCC_WARN_64_TO_32_BIT_CONVERSION = YES;
				GCC_WARN_ABOUT_RETURN_TYPE = YES_ERROR;
				GCC_WARN_UNDECLARED_SELECTOR = YES;
				GCC_WARN_UNINITIALIZED_AUTOS = YES_AGGRESSIVE;
				GCC_WARN_UNUSED_FUNCTION = YES;
				GCC_WARN_UNUSED_VARIABLE = YES;
				IPHONEOS_DEPLOYMENT_TARGET = 16.1;
				MTL_ENABLE_DEBUG_INFO = NO;
				MTL_FAST_MATH = YES;
				SDKROOT = iphoneos;
				SWIFT_COMPILATION_MODE = wholemodule;
				SWIFT_OPTIMIZATION_LEVEL = "-O";
				VALIDATE_PRODUCT = YES;
			};
			name = Release;
		};
		84BDE005297F960A004DCC1A /* Debug */ = {
			isa = XCBuildConfiguration;
			buildSettings = {
				ASSETCATALOG_COMPILER_APPICON_NAME = AppIcon;
				ASSETCATALOG_COMPILER_GLOBAL_ACCENT_COLOR_NAME = AccentColor;
				CODE_SIGN_STYLE = Automatic;
				CURRENT_PROJECT_VERSION = 1;
				GENERATE_INFOPLIST_FILE = YES;
				INFOPLIST_FILE = "Veg-Nonveg/Info.plist";
				INFOPLIST_KEY_UIApplicationSupportsIndirectInputEvents = YES;
				INFOPLIST_KEY_UILaunchStoryboardName = LaunchScreen;
				INFOPLIST_KEY_UIMainStoryboardFile = Main;
				INFOPLIST_KEY_UISupportedInterfaceOrientations_iPad = "UIInterfaceOrientationPortrait UIInterfaceOrientationPortraitUpsideDown UIInterfaceOrientationLandscapeLeft UIInterfaceOrientationLandscapeRight";
				INFOPLIST_KEY_UISupportedInterfaceOrientations_iPhone = "UIInterfaceOrientationPortrait UIInterfaceOrientationLandscapeLeft UIInterfaceOrientationLandscapeRight";
				LD_RUNPATH_SEARCH_PATHS = (
					"$(inherited)",
					"@executable_path/Frameworks",
				);
				MARKETING_VERSION = 1.0;
				PRODUCT_BUNDLE_IDENTIFIER = "BitCode.Veg-Nonveg";
				PRODUCT_NAME = "$(TARGET_NAME)";
				SWIFT_EMIT_LOC_STRINGS = YES;
				SWIFT_VERSION = 5.0;
				TARGETED_DEVICE_FAMILY = "1,2";
			};
			name = Debug;
		};
		84BDE006297F960A004DCC1A /* Release */ = {
			isa = XCBuildConfiguration;
			buildSettings = {
				ASSETCATALOG_COMPILER_APPICON_NAME = AppIcon;
				ASSETCATALOG_COMPILER_GLOBAL_ACCENT_COLOR_NAME = AccentColor;
				CODE_SIGN_STYLE = Automatic;
				CURRENT_PROJECT_VERSION = 1;
				GENERATE_INFOPLIST_FILE = YES;
				INFOPLIST_FILE = "Veg-Nonveg/Info.plist";
				INFOPLIST_KEY_UIApplicationSupportsIndirectInputEvents = YES;
				INFOPLIST_KEY_UILaunchStoryboardName = LaunchScreen;
				INFOPLIST_KEY_UIMainStoryboardFile = Main;
				INFOPLIST_KEY_UISupportedInterfaceOrientations_iPad = "UIInterfaceOrientationPortrait UIInterfaceOrientationPortraitUpsideDown UIInterfaceOrientationLandscapeLeft UIInterfaceOrientationLandscapeRight";
				INFOPLIST_KEY_UISupportedInterfaceOrientations_iPhone = "UIInterfaceOrientationPortrait UIInterfaceOrientationLandscapeLeft UIInterfaceOrientationLandscapeRight";
				LD_RUNPATH_SEARCH_PATHS = (
					"$(inherited)",
					"@executable_path/Frameworks",
				);
				MARKETING_VERSION = 1.0;
				PRODUCT_BUNDLE_IDENTIFIER = "BitCode.Veg-Nonveg";
				PRODUCT_NAME = "$(TARGET_NAME)";
				SWIFT_EMIT_LOC_STRINGS = YES;
				SWIFT_VERSION = 5.0;
				TARGETED_DEVICE_FAMILY = "1,2";
			};
			name = Release;
		};
/* End XCBuildConfiguration section */

/* Begin XCConfigurationList section */
		84BDDFEB297F9608004DCC1A /* Build configuration list for PBXProject "Veg-Nonveg" */ = {
			isa = XCConfigurationList;
			buildConfigurations = (
				84BDE002297F960A004DCC1A /* Debug */,
				84BDE003297F960A004DCC1A /* Release */,
			);
			defaultConfigurationIsVisible = 0;
			defaultConfigurationName = Release;
		};
		84BDE004297F960A004DCC1A /* Build configuration list for PBXNativeTarget "Veg-Nonveg" */ = {
			isa = XCConfigurationList;
			buildConfigurations = (
				84BDE005297F960A004DCC1A /* Debug */,
				84BDE006297F960A004DCC1A /* Release */,
			);
			defaultConfigurationIsVisible = 0;
			defaultConfigurationName = Release;
		};
/* End XCConfigurationList section */
	};
	rootObject = 84BDDFE8297F9608004DCC1A /* Project object */;
}
